
Microsoft Visual Studio Solution File, Format Version 12.00
# Visual Studio Version 16
VisualStudioVersion = 16.0.31019.35
MinimumVisualStudioVersion = 10.0.40219.1
Project("{FAE04EC0-301F-11D3-BF4B-00C04F79EFBC}") = "6-Queue", "6-Queue.csproj", "{BC101761-82A8-4147-A209-170E268BA046}"
EndProject
Global
	GlobalSection(SolutionConfigurationPlatforms) = preSolution
		Debug|Any CPU = Debug|Any CPU
		Release|Any CPU = Release|Any CPU
	EndGlobalSection
	GlobalSection(ProjectConfigurationPlatforms) = postSolution
		{BC101761-82A8-4147-A209-170E268BA046}.Debug|Any CPU.ActiveCfg = Debug|Any CPU
		{BC101761-82A8-4147-A209-170E268BA046}.Debug|Any CPU.Build.0 = Debug|Any CPU
		{BC101761-82A8-4147-A209-170E268BA046}.Release|Any CPU.ActiveCfg = Release|Any CPU
		{BC101761-82A8-4147-A209-170E268BA046}.Release|Any CPU.Build.0 = Release|Any CPU
	EndGlobalSection
	GlobalSection(SolutionProperties) = preSolution
		HideSolutionNode = FALSE
	EndGlobalSection
	GlobalSection(ExtensibilityGlobals) = postSolution
		SolutionGuid = {4C1935D0-3FA1-4414-819A-61EBA709323C}
	EndGlobalSection
EndGlobal
