
Microsoft Visual Studio Solution File, Format Version 12.00
# Visual Studio Version 16
VisualStudioVersion = 16.0.31019.35
MinimumVisualStudioVersion = 10.0.40219.1
Project("{FAE04EC0-301F-11D3-BF4B-00C04F79EFBC}") = "day3.evenodd", "day3.evenodd.csproj", "{A674B4F2-C878-4608-A123-EB5A8898AE14}"
EndProject
Global
	GlobalSection(SolutionConfigurationPlatforms) = preSolution
		Debug|Any CPU = Debug|Any CPU
		Release|Any CPU = Release|Any CPU
	EndGlobalSection
	GlobalSection(ProjectConfigurationPlatforms) = postSolution
		{A674B4F2-C878-4608-A123-EB5A8898AE14}.Debug|Any CPU.ActiveCfg = Debug|Any CPU
		{A674B4F2-C878-4608-A123-EB5A8898AE14}.Debug|Any CPU.Build.0 = Debug|Any CPU
		{A674B4F2-C878-4608-A123-EB5A8898AE14}.Release|Any CPU.ActiveCfg = Release|Any CPU
		{A674B4F2-C878-4608-A123-EB5A8898AE14}.Release|Any CPU.Build.0 = Release|Any CPU
	EndGlobalSection
	GlobalSection(SolutionProperties) = preSolution
		HideSolutionNode = FALSE
	EndGlobalSection
	GlobalSection(ExtensibilityGlobals) = postSolution
		SolutionGuid = {F6D0769F-7BAC-4007-916A-FC89B098CC7F}
	EndGlobalSection
EndGlobal
