
Microsoft Visual Studio Solution File, Format Version 12.00
# Visual Studio Version 16
VisualStudioVersion = 16.0.31019.35
MinimumVisualStudioVersion = 10.0.40219.1
Project("{FAE04EC0-301F-11D3-BF4B-00C04F79EFBC}") = "A-datatypes", "A-datatypes.csproj", "{9AD7563B-DCFD-4AB7-B963-FA1E4ACE8078}"
EndProject
Global
	GlobalSection(SolutionConfigurationPlatforms) = preSolution
		Debug|Any CPU = Debug|Any CPU
		Release|Any CPU = Release|Any CPU
	EndGlobalSection
	GlobalSection(ProjectConfigurationPlatforms) = postSolution
		{9AD7563B-DCFD-4AB7-B963-FA1E4ACE8078}.Debug|Any CPU.ActiveCfg = Debug|Any CPU
		{9AD7563B-DCFD-4AB7-B963-FA1E4ACE8078}.Debug|Any CPU.Build.0 = Debug|Any CPU
		{9AD7563B-DCFD-4AB7-B963-FA1E4ACE8078}.Release|Any CPU.ActiveCfg = Release|Any CPU
		{9AD7563B-DCFD-4AB7-B963-FA1E4ACE8078}.Release|Any CPU.Build.0 = Release|Any CPU
	EndGlobalSection
	GlobalSection(SolutionProperties) = preSolution
		HideSolutionNode = FALSE
	EndGlobalSection
	GlobalSection(ExtensibilityGlobals) = postSolution
		SolutionGuid = {52111FD7-5527-4B46-BDF0-B29872658FB3}
	EndGlobalSection
EndGlobal
