
Microsoft Visual Studio Solution File, Format Version 12.00
# Visual Studio Version 16
VisualStudioVersion = 16.0.31019.35
MinimumVisualStudioVersion = 10.0.40219.1
Project("{FAE04EC0-301F-11D3-BF4B-00C04F79EFBC}") = "connected-sum", "connected-sum.csproj", "{BEBCBAF7-49F2-4F9C-B4BF-58F00599F085}"
EndProject
Global
	GlobalSection(SolutionConfigurationPlatforms) = preSolution
		Debug|Any CPU = Debug|Any CPU
		Release|Any CPU = Release|Any CPU
	EndGlobalSection
	GlobalSection(ProjectConfigurationPlatforms) = postSolution
		{BEBCBAF7-49F2-4F9C-B4BF-58F00599F085}.Debug|Any CPU.ActiveCfg = Debug|Any CPU
		{BEBCBAF7-49F2-4F9C-B4BF-58F00599F085}.Debug|Any CPU.Build.0 = Debug|Any CPU
		{BEBCBAF7-49F2-4F9C-B4BF-58F00599F085}.Release|Any CPU.ActiveCfg = Release|Any CPU
		{BEBCBAF7-49F2-4F9C-B4BF-58F00599F085}.Release|Any CPU.Build.0 = Release|Any CPU
	EndGlobalSection
	GlobalSection(SolutionProperties) = preSolution
		HideSolutionNode = FALSE
	EndGlobalSection
	GlobalSection(ExtensibilityGlobals) = postSolution
		SolutionGuid = {C3E442DF-8B94-46FD-B51B-B1F21B7C7D91}
	EndGlobalSection
EndGlobal
