
Microsoft Visual Studio Solution File, Format Version 12.00
# Visual Studio Version 16
VisualStudioVersion = 16.0.31019.35
MinimumVisualStudioVersion = 10.0.40219.1
Project("{FAE04EC0-301F-11D3-BF4B-00C04F79EFBC}") = "5-stacks", "5-stacks.csproj", "{E9D7B8A5-8C6D-4E18-B40C-D0CEF8144DDB}"
EndProject
Global
	GlobalSection(SolutionConfigurationPlatforms) = preSolution
		Debug|Any CPU = Debug|Any CPU
		Release|Any CPU = Release|Any CPU
	EndGlobalSection
	GlobalSection(ProjectConfigurationPlatforms) = postSolution
		{E9D7B8A5-8C6D-4E18-B40C-D0CEF8144DDB}.Debug|Any CPU.ActiveCfg = Debug|Any CPU
		{E9D7B8A5-8C6D-4E18-B40C-D0CEF8144DDB}.Debug|Any CPU.Build.0 = Debug|Any CPU
		{E9D7B8A5-8C6D-4E18-B40C-D0CEF8144DDB}.Release|Any CPU.ActiveCfg = Release|Any CPU
		{E9D7B8A5-8C6D-4E18-B40C-D0CEF8144DDB}.Release|Any CPU.Build.0 = Release|Any CPU
	EndGlobalSection
	GlobalSection(SolutionProperties) = preSolution
		HideSolutionNode = FALSE
	EndGlobalSection
	GlobalSection(ExtensibilityGlobals) = postSolution
		SolutionGuid = {213F1B77-81C5-4EA6-AB25-43039169CC26}
	EndGlobalSection
EndGlobal
