
Microsoft Visual Studio Solution File, Format Version 12.00
# Visual Studio Version 16
VisualStudioVersion = 16.0.31019.35
MinimumVisualStudioVersion = 10.0.40219.1
Project("{FAE04EC0-301F-11D3-BF4B-00C04F79EFBC}") = "array2d", "array2d.csproj", "{363A3081-BECB-4011-A31B-0D31566BFCAF}"
EndProject
Global
	GlobalSection(SolutionConfigurationPlatforms) = preSolution
		Debug|Any CPU = Debug|Any CPU
		Release|Any CPU = Release|Any CPU
	EndGlobalSection
	GlobalSection(ProjectConfigurationPlatforms) = postSolution
		{363A3081-BECB-4011-A31B-0D31566BFCAF}.Debug|Any CPU.ActiveCfg = Debug|Any CPU
		{363A3081-BECB-4011-A31B-0D31566BFCAF}.Debug|Any CPU.Build.0 = Debug|Any CPU
		{363A3081-BECB-4011-A31B-0D31566BFCAF}.Release|Any CPU.ActiveCfg = Release|Any CPU
		{363A3081-BECB-4011-A31B-0D31566BFCAF}.Release|Any CPU.Build.0 = Release|Any CPU
	EndGlobalSection
	GlobalSection(SolutionProperties) = preSolution
		HideSolutionNode = FALSE
	EndGlobalSection
	GlobalSection(ExtensibilityGlobals) = postSolution
		SolutionGuid = {39A9880F-CF3A-4B29-9F1E-E50BB422B20A}
	EndGlobalSection
EndGlobal
