
Microsoft Visual Studio Solution File, Format Version 12.00
# Visual Studio Version 16
VisualStudioVersion = 16.0.31019.35
MinimumVisualStudioVersion = 10.0.40219.1
Project("{FAE04EC0-301F-11D3-BF4B-00C04F79EFBC}") = "1-Hashtable2", "1-Hashtable2.csproj", "{7ACF9B45-3C63-4753-A167-8838B698F6BF}"
EndProject
Global
	GlobalSection(SolutionConfigurationPlatforms) = preSolution
		Debug|Any CPU = Debug|Any CPU
		Release|Any CPU = Release|Any CPU
	EndGlobalSection
	GlobalSection(ProjectConfigurationPlatforms) = postSolution
		{7ACF9B45-3C63-4753-A167-8838B698F6BF}.Debug|Any CPU.ActiveCfg = Debug|Any CPU
		{7ACF9B45-3C63-4753-A167-8838B698F6BF}.Debug|Any CPU.Build.0 = Debug|Any CPU
		{7ACF9B45-3C63-4753-A167-8838B698F6BF}.Release|Any CPU.ActiveCfg = Release|Any CPU
		{7ACF9B45-3C63-4753-A167-8838B698F6BF}.Release|Any CPU.Build.0 = Release|Any CPU
	EndGlobalSection
	GlobalSection(SolutionProperties) = preSolution
		HideSolutionNode = FALSE
	EndGlobalSection
	GlobalSection(ExtensibilityGlobals) = postSolution
		SolutionGuid = {994172C5-2CD9-4DCB-B1F9-6CBE48EEB8EE}
	EndGlobalSection
EndGlobal
