
Microsoft Visual Studio Solution File, Format Version 12.00
# Visual Studio Version 16
VisualStudioVersion = 16.0.31019.35
MinimumVisualStudioVersion = 10.0.40219.1
Project("{FAE04EC0-301F-11D3-BF4B-00C04F79EFBC}") = "Morgan.and.a.String", "Morgan.and.a.String.csproj", "{0A6C421C-441D-4EEA-9B60-39C6747380BF}"
EndProject
Global
	GlobalSection(SolutionConfigurationPlatforms) = preSolution
		Debug|Any CPU = Debug|Any CPU
		Release|Any CPU = Release|Any CPU
	EndGlobalSection
	GlobalSection(ProjectConfigurationPlatforms) = postSolution
		{0A6C421C-441D-4EEA-9B60-39C6747380BF}.Debug|Any CPU.ActiveCfg = Debug|Any CPU
		{0A6C421C-441D-4EEA-9B60-39C6747380BF}.Debug|Any CPU.Build.0 = Debug|Any CPU
		{0A6C421C-441D-4EEA-9B60-39C6747380BF}.Release|Any CPU.ActiveCfg = Release|Any CPU
		{0A6C421C-441D-4EEA-9B60-39C6747380BF}.Release|Any CPU.Build.0 = Release|Any CPU
	EndGlobalSection
	GlobalSection(SolutionProperties) = preSolution
		HideSolutionNode = FALSE
	EndGlobalSection
	GlobalSection(ExtensibilityGlobals) = postSolution
		SolutionGuid = {F119F584-4D44-408E-B56B-401CF61D94C1}
	EndGlobalSection
EndGlobal
