
Microsoft Visual Studio Solution File, Format Version 12.00
# Visual Studio Version 16
VisualStudioVersion = 16.0.31019.35
MinimumVisualStudioVersion = 10.0.40219.1
Project("{FAE04EC0-301F-11D3-BF4B-00C04F79EFBC}") = "search-binary-search-tree", "search-binary-search-tree.csproj", "{6C5F2D17-7A61-48FF-9D67-C84EA4FDFA1C}"
EndProject
Global
	GlobalSection(SolutionConfigurationPlatforms) = preSolution
		Debug|Any CPU = Debug|Any CPU
		Release|Any CPU = Release|Any CPU
	EndGlobalSection
	GlobalSection(ProjectConfigurationPlatforms) = postSolution
		{6C5F2D17-7A61-48FF-9D67-C84EA4FDFA1C}.Debug|Any CPU.ActiveCfg = Debug|Any CPU
		{6C5F2D17-7A61-48FF-9D67-C84EA4FDFA1C}.Debug|Any CPU.Build.0 = Debug|Any CPU
		{6C5F2D17-7A61-48FF-9D67-C84EA4FDFA1C}.Release|Any CPU.ActiveCfg = Release|Any CPU
		{6C5F2D17-7A61-48FF-9D67-C84EA4FDFA1C}.Release|Any CPU.Build.0 = Release|Any CPU
	EndGlobalSection
	GlobalSection(SolutionProperties) = preSolution
		HideSolutionNode = FALSE
	EndGlobalSection
	GlobalSection(ExtensibilityGlobals) = postSolution
		SolutionGuid = {485CA9AC-C61A-4B7E-BE23-33A7C0ACE921}
	EndGlobalSection
EndGlobal
