
Microsoft Visual Studio Solution File, Format Version 12.00
# Visual Studio Version 16
VisualStudioVersion = 16.0.31019.35
MinimumVisualStudioVersion = 10.0.40219.1
Project("{FAE04EC0-301F-11D3-BF4B-00C04F79EFBC}") = "d-first-adjency-list", "d-first-adjency-list.csproj", "{A33D1823-D525-460A-8CD0-E0498CF93761}"
EndProject
Global
	GlobalSection(SolutionConfigurationPlatforms) = preSolution
		Debug|Any CPU = Debug|Any CPU
		Release|Any CPU = Release|Any CPU
	EndGlobalSection
	GlobalSection(ProjectConfigurationPlatforms) = postSolution
		{A33D1823-D525-460A-8CD0-E0498CF93761}.Debug|Any CPU.ActiveCfg = Debug|Any CPU
		{A33D1823-D525-460A-8CD0-E0498CF93761}.Debug|Any CPU.Build.0 = Debug|Any CPU
		{A33D1823-D525-460A-8CD0-E0498CF93761}.Release|Any CPU.ActiveCfg = Release|Any CPU
		{A33D1823-D525-460A-8CD0-E0498CF93761}.Release|Any CPU.Build.0 = Release|Any CPU
	EndGlobalSection
	GlobalSection(SolutionProperties) = preSolution
		HideSolutionNode = FALSE
	EndGlobalSection
	GlobalSection(ExtensibilityGlobals) = postSolution
		SolutionGuid = {038556BD-D20F-4FE7-8736-E0CBEF95184D}
	EndGlobalSection
EndGlobal
