
Microsoft Visual Studio Solution File, Format Version 12.00
# Visual Studio Version 16
VisualStudioVersion = 16.0.31019.35
MinimumVisualStudioVersion = 10.0.40219.1
Project("{FAE04EC0-301F-11D3-BF4B-00C04F79EFBC}") = "nested-logic", "nested-logic.csproj", "{DA8AFF30-9EAF-4885-B936-EC5E6EA0AC74}"
EndProject
Global
	GlobalSection(SolutionConfigurationPlatforms) = preSolution
		Debug|Any CPU = Debug|Any CPU
		Release|Any CPU = Release|Any CPU
	EndGlobalSection
	GlobalSection(ProjectConfigurationPlatforms) = postSolution
		{DA8AFF30-9EAF-4885-B936-EC5E6EA0AC74}.Debug|Any CPU.ActiveCfg = Debug|Any CPU
		{DA8AFF30-9EAF-4885-B936-EC5E6EA0AC74}.Debug|Any CPU.Build.0 = Debug|Any CPU
		{DA8AFF30-9EAF-4885-B936-EC5E6EA0AC74}.Release|Any CPU.ActiveCfg = Release|Any CPU
		{DA8AFF30-9EAF-4885-B936-EC5E6EA0AC74}.Release|Any CPU.Build.0 = Release|Any CPU
	EndGlobalSection
	GlobalSection(SolutionProperties) = preSolution
		HideSolutionNode = FALSE
	EndGlobalSection
	GlobalSection(ExtensibilityGlobals) = postSolution
		SolutionGuid = {A01549CA-8A15-40B2-8181-743DA856980D}
	EndGlobalSection
EndGlobal
