
Microsoft Visual Studio Solution File, Format Version 12.00
# Visual Studio Version 16
VisualStudioVersion = 16.0.31019.35
MinimumVisualStudioVersion = 10.0.40219.1
Project("{FAE04EC0-301F-11D3-BF4B-00C04F79EFBC}") = "hashtable", "hashtable.csproj", "{F462D953-B658-44BE-9386-7FD9D7B9D960}"
EndProject
Global
	GlobalSection(SolutionConfigurationPlatforms) = preSolution
		Debug|Any CPU = Debug|Any CPU
		Release|Any CPU = Release|Any CPU
	EndGlobalSection
	GlobalSection(ProjectConfigurationPlatforms) = postSolution
		{F462D953-B658-44BE-9386-7FD9D7B9D960}.Debug|Any CPU.ActiveCfg = Debug|Any CPU
		{F462D953-B658-44BE-9386-7FD9D7B9D960}.Debug|Any CPU.Build.0 = Debug|Any CPU
		{F462D953-B658-44BE-9386-7FD9D7B9D960}.Release|Any CPU.ActiveCfg = Release|Any CPU
		{F462D953-B658-44BE-9386-7FD9D7B9D960}.Release|Any CPU.Build.0 = Release|Any CPU
	EndGlobalSection
	GlobalSection(SolutionProperties) = preSolution
		HideSolutionNode = FALSE
	EndGlobalSection
	GlobalSection(ExtensibilityGlobals) = postSolution
		SolutionGuid = {7DB85284-3AB3-474E-9F24-8F4DD79098D2}
	EndGlobalSection
EndGlobal
