
Microsoft Visual Studio Solution File, Format Version 12.00
# Visual Studio Version 16
VisualStudioVersion = 16.0.31019.35
MinimumVisualStudioVersion = 10.0.40219.1
Project("{FAE04EC0-301F-11D3-BF4B-00C04F79EFBC}") = "MyGraph-adjacency-list", "MyGraph-adjacency-list.csproj", "{633DE5B2-9B76-46F9-A963-E5467AFEF4AD}"
EndProject
Global
	GlobalSection(SolutionConfigurationPlatforms) = preSolution
		Debug|Any CPU = Debug|Any CPU
		Release|Any CPU = Release|Any CPU
	EndGlobalSection
	GlobalSection(ProjectConfigurationPlatforms) = postSolution
		{633DE5B2-9B76-46F9-A963-E5467AFEF4AD}.Debug|Any CPU.ActiveCfg = Debug|Any CPU
		{633DE5B2-9B76-46F9-A963-E5467AFEF4AD}.Debug|Any CPU.Build.0 = Debug|Any CPU
		{633DE5B2-9B76-46F9-A963-E5467AFEF4AD}.Release|Any CPU.ActiveCfg = Release|Any CPU
		{633DE5B2-9B76-46F9-A963-E5467AFEF4AD}.Release|Any CPU.Build.0 = Release|Any CPU
	EndGlobalSection
	GlobalSection(SolutionProperties) = preSolution
		HideSolutionNode = FALSE
	EndGlobalSection
	GlobalSection(ExtensibilityGlobals) = postSolution
		SolutionGuid = {236E389A-0C83-47EC-8BDE-7597E71AEB09}
	EndGlobalSection
EndGlobal
